
Microsoft Visual Studio Solution File, Format Version 12.00
# Visual Studio Version 17
VisualStudioVersion = 17.8.34601.278
MinimumVisualStudioVersion = 10.0.40219.1
Project("{FAE04EC0-301F-11D3-BF4B-00C04F79EFBC}") = "CarRepairShop", "CarRepairShop\CarRepairShop.csproj", "{097433DB-F018-4A46-ADC7-948774609BA6}"
EndProject
Global
	GlobalSection(SolutionConfigurationPlatforms) = preSolution
		Debug|Any CPU = Debug|Any CPU
		Release|Any CPU = Release|Any CPU
	EndGlobalSection
	GlobalSection(ProjectConfigurationPlatforms) = postSolution
		{097433DB-F018-4A46-ADC7-948774609BA6}.Debug|Any CPU.ActiveCfg = Debug|Any CPU
		{097433DB-F018-4A46-ADC7-948774609BA6}.Debug|Any CPU.Build.0 = Debug|Any CPU
		{097433DB-F018-4A46-ADC7-948774609BA6}.Release|Any CPU.ActiveCfg = Release|Any CPU
		{097433DB-F018-4A46-ADC7-948774609BA6}.Release|Any CPU.Build.0 = Release|Any CPU
	EndGlobalSection
	GlobalSection(SolutionProperties) = preSolution
		HideSolutionNode = FALSE
	EndGlobalSection
	GlobalSection(ExtensibilityGlobals) = postSolution
		SolutionGuid = {D4C03956-C9EF-4E05-861F-F9579A6C75D7}
	EndGlobalSection
EndGlobal
