
Microsoft Visual Studio Solution File, Format Version 12.00
# Visual Studio Version 17
VisualStudioVersion = 17.8.34601.278
MinimumVisualStudioVersion = 10.0.40219.1
Project("{9A19103F-16F7-4668-BE54-9A1E7A4F7556}") = "CarRepairShop", "CarRepairShop\CarRepairShop.csproj", "{097433DB-F018-4A46-ADC7-948774609BA6}"
EndProject
Project("{9A19103F-16F7-4668-BE54-9A1E7A4F7556}") = "Bakery", "Bakery\Bakery.csproj", "{A584403B-4743-41A5-9DBC-17F6C5C9A389}"
EndProject
Project("{9A19103F-16F7-4668-BE54-9A1E7A4F7556}") = "School", "School\School.csproj", "{FE827C0B-2256-4422-9374-DD8CEF390D15}"
EndProject
Project("{FAE04EC0-301F-11D3-BF4B-00C04F79EFBC}") = "Bank", "Bank\Bank.csproj", "{F63333D2-6706-4BB0-98D1-54C9E734A9B2}"
EndProject
Global
	GlobalSection(SolutionConfigurationPlatforms) = preSolution
		Debug|Any CPU = Debug|Any CPU
		Release|Any CPU = Release|Any CPU
	EndGlobalSection
	GlobalSection(ProjectConfigurationPlatforms) = postSolution
		{097433DB-F018-4A46-ADC7-948774609BA6}.Debug|Any CPU.ActiveCfg = Debug|Any CPU
		{097433DB-F018-4A46-ADC7-948774609BA6}.Debug|Any CPU.Build.0 = Debug|Any CPU
		{097433DB-F018-4A46-ADC7-948774609BA6}.Release|Any CPU.ActiveCfg = Release|Any CPU
		{097433DB-F018-4A46-ADC7-948774609BA6}.Release|Any CPU.Build.0 = Release|Any CPU
		{A584403B-4743-41A5-9DBC-17F6C5C9A389}.Debug|Any CPU.ActiveCfg = Debug|Any CPU
		{A584403B-4743-41A5-9DBC-17F6C5C9A389}.Debug|Any CPU.Build.0 = Debug|Any CPU
		{A584403B-4743-41A5-9DBC-17F6C5C9A389}.Release|Any CPU.ActiveCfg = Release|Any CPU
		{A584403B-4743-41A5-9DBC-17F6C5C9A389}.Release|Any CPU.Build.0 = Release|Any CPU
		{FE827C0B-2256-4422-9374-DD8CEF390D15}.Debug|Any CPU.ActiveCfg = Debug|Any CPU
		{FE827C0B-2256-4422-9374-DD8CEF390D15}.Debug|Any CPU.Build.0 = Debug|Any CPU
		{FE827C0B-2256-4422-9374-DD8CEF390D15}.Release|Any CPU.ActiveCfg = Release|Any CPU
		{FE827C0B-2256-4422-9374-DD8CEF390D15}.Release|Any CPU.Build.0 = Release|Any CPU
		{F63333D2-6706-4BB0-98D1-54C9E734A9B2}.Debug|Any CPU.ActiveCfg = Debug|Any CPU
		{F63333D2-6706-4BB0-98D1-54C9E734A9B2}.Debug|Any CPU.Build.0 = Debug|Any CPU
		{F63333D2-6706-4BB0-98D1-54C9E734A9B2}.Release|Any CPU.ActiveCfg = Release|Any CPU
		{F63333D2-6706-4BB0-98D1-54C9E734A9B2}.Release|Any CPU.Build.0 = Release|Any CPU
	EndGlobalSection
	GlobalSection(SolutionProperties) = preSolution
		HideSolutionNode = FALSE
	EndGlobalSection
	GlobalSection(ExtensibilityGlobals) = postSolution
		SolutionGuid = {D4C03956-C9EF-4E05-861F-F9579A6C75D7}
	EndGlobalSection
EndGlobal
